
Microsoft Visual Studio Solution File, Format Version 12.00
# Visual Studio Version 17
VisualStudioVersion = 17.5.33424.131
MinimumVisualStudioVersion = 10.0.40219.1
Project("{FAE04EC0-301F-11D3-BF4B-00C04F79EFBC}") = "01.NumbersFrom1to100", "01.NumbersFrom1to100\01.NumbersFrom1to100.csproj", "{A48E381C-C2D8-49D0-9371-8DEFE7288B88}"
EndProject
Project("{FAE04EC0-301F-11D3-BF4B-00C04F79EFBC}") = "P02.NumbersN.1", "P02.NumbersN.1\P02.NumbersN.1.csproj", "{7E079FAF-E209-44DF-AB10-931B87BF3E0E}"
EndProject
Project("{FAE04EC0-301F-11D3-BF4B-00C04F79EFBC}") = "P03.Numbers1N.WithStep3", "P03.Numbers1N.WithStep3\P03.Numbers1N.WithStep3.csproj", "{93208255-D8EB-4672-9D0C-91B951F7C05A}"
EndProject
Project("{FAE04EC0-301F-11D3-BF4B-00C04F79EFBC}") = "P04.EvenPowersOf2", "P04.EvenPowersOf2\P04.EvenPowersOf2.csproj", "{EAE9366E-33F9-4DCA-A4F1-4985C97D329D}"
EndProject
Project("{FAE04EC0-301F-11D3-BF4B-00C04F79EFBC}") = "P05.CharacterSequence", "P05.CharacterSequence\P05.CharacterSequence.csproj", "{C080D2AD-BB1C-454B-AE08-445C43A2D2CE}"
EndProject
Project("{FAE04EC0-301F-11D3-BF4B-00C04F79EFBC}") = "P06.VowelsSum", "P06.VowelsSum\P06.VowelsSum.csproj", "{2AA1E1D0-C964-4309-9EEC-28AB3C60A185}"
EndProject
Project("{FAE04EC0-301F-11D3-BF4B-00C04F79EFBC}") = "P07.SumNumbers", "P07.SumNumbers\P07.SumNumbers.csproj", "{C06548EA-C8EA-4083-AA79-3C7B417847AB}"
EndProject
Project("{FAE04EC0-301F-11D3-BF4B-00C04F79EFBC}") = "P08.NumberSequence", "P08.NumberSequence\P08.NumberSequence.csproj", "{52F9F6B1-7FA9-4400-9DBA-4AE79BC2664D}"
EndProject
Project("{FAE04EC0-301F-11D3-BF4B-00C04F79EFBC}") = "P09.LeftAndRightSum", "P09.LeftAndRightSum\P09.LeftAndRightSum.csproj", "{5A4D2BDF-3789-4391-9574-04F60337CB43}"
EndProject
Project("{FAE04EC0-301F-11D3-BF4B-00C04F79EFBC}") = "P10.OddEvenSum", "P10.OddEvenSum\P10.OddEvenSum.csproj", "{3F243794-D821-4C2D-8C1C-7B1F9D226EC0}"
EndProject
Global
	GlobalSection(SolutionConfigurationPlatforms) = preSolution
		Debug|Any CPU = Debug|Any CPU
		Release|Any CPU = Release|Any CPU
	EndGlobalSection
	GlobalSection(ProjectConfigurationPlatforms) = postSolution
		{A48E381C-C2D8-49D0-9371-8DEFE7288B88}.Debug|Any CPU.ActiveCfg = Debug|Any CPU
		{A48E381C-C2D8-49D0-9371-8DEFE7288B88}.Debug|Any CPU.Build.0 = Debug|Any CPU
		{A48E381C-C2D8-49D0-9371-8DEFE7288B88}.Release|Any CPU.ActiveCfg = Release|Any CPU
		{A48E381C-C2D8-49D0-9371-8DEFE7288B88}.Release|Any CPU.Build.0 = Release|Any CPU
		{7E079FAF-E209-44DF-AB10-931B87BF3E0E}.Debug|Any CPU.ActiveCfg = Debug|Any CPU
		{7E079FAF-E209-44DF-AB10-931B87BF3E0E}.Debug|Any CPU.Build.0 = Debug|Any CPU
		{7E079FAF-E209-44DF-AB10-931B87BF3E0E}.Release|Any CPU.ActiveCfg = Release|Any CPU
		{7E079FAF-E209-44DF-AB10-931B87BF3E0E}.Release|Any CPU.Build.0 = Release|Any CPU
		{93208255-D8EB-4672-9D0C-91B951F7C05A}.Debug|Any CPU.ActiveCfg = Debug|Any CPU
		{93208255-D8EB-4672-9D0C-91B951F7C05A}.Debug|Any CPU.Build.0 = Debug|Any CPU
		{93208255-D8EB-4672-9D0C-91B951F7C05A}.Release|Any CPU.ActiveCfg = Release|Any CPU
		{93208255-D8EB-4672-9D0C-91B951F7C05A}.Release|Any CPU.Build.0 = Release|Any CPU
		{EAE9366E-33F9-4DCA-A4F1-4985C97D329D}.Debug|Any CPU.ActiveCfg = Debug|Any CPU
		{EAE9366E-33F9-4DCA-A4F1-4985C97D329D}.Debug|Any CPU.Build.0 = Debug|Any CPU
		{EAE9366E-33F9-4DCA-A4F1-4985C97D329D}.Release|Any CPU.ActiveCfg = Release|Any CPU
		{EAE9366E-33F9-4DCA-A4F1-4985C97D329D}.Release|Any CPU.Build.0 = Release|Any CPU
		{C080D2AD-BB1C-454B-AE08-445C43A2D2CE}.Debug|Any CPU.ActiveCfg = Debug|Any CPU
		{C080D2AD-BB1C-454B-AE08-445C43A2D2CE}.Debug|Any CPU.Build.0 = Debug|Any CPU
		{C080D2AD-BB1C-454B-AE08-445C43A2D2CE}.Release|Any CPU.ActiveCfg = Release|Any CPU
		{C080D2AD-BB1C-454B-AE08-445C43A2D2CE}.Release|Any CPU.Build.0 = Release|Any CPU
		{2AA1E1D0-C964-4309-9EEC-28AB3C60A185}.Debug|Any CPU.ActiveCfg = Debug|Any CPU
		{2AA1E1D0-C964-4309-9EEC-28AB3C60A185}.Debug|Any CPU.Build.0 = Debug|Any CPU
		{2AA1E1D0-C964-4309-9EEC-28AB3C60A185}.Release|Any CPU.ActiveCfg = Release|Any CPU
		{2AA1E1D0-C964-4309-9EEC-28AB3C60A185}.Release|Any CPU.Build.0 = Release|Any CPU
		{C06548EA-C8EA-4083-AA79-3C7B417847AB}.Debug|Any CPU.ActiveCfg = Debug|Any CPU
		{C06548EA-C8EA-4083-AA79-3C7B417847AB}.Debug|Any CPU.Build.0 = Debug|Any CPU
		{C06548EA-C8EA-4083-AA79-3C7B417847AB}.Release|Any CPU.ActiveCfg = Release|Any CPU
		{C06548EA-C8EA-4083-AA79-3C7B417847AB}.Release|Any CPU.Build.0 = Release|Any CPU
		{52F9F6B1-7FA9-4400-9DBA-4AE79BC2664D}.Debug|Any CPU.ActiveCfg = Debug|Any CPU
		{52F9F6B1-7FA9-4400-9DBA-4AE79BC2664D}.Debug|Any CPU.Build.0 = Debug|Any CPU
		{52F9F6B1-7FA9-4400-9DBA-4AE79BC2664D}.Release|Any CPU.ActiveCfg = Release|Any CPU
		{52F9F6B1-7FA9-4400-9DBA-4AE79BC2664D}.Release|Any CPU.Build.0 = Release|Any CPU
		{5A4D2BDF-3789-4391-9574-04F60337CB43}.Debug|Any CPU.ActiveCfg = Debug|Any CPU
		{5A4D2BDF-3789-4391-9574-04F60337CB43}.Debug|Any CPU.Build.0 = Debug|Any CPU
		{5A4D2BDF-3789-4391-9574-04F60337CB43}.Release|Any CPU.ActiveCfg = Release|Any CPU
		{5A4D2BDF-3789-4391-9574-04F60337CB43}.Release|Any CPU.Build.0 = Release|Any CPU
		{3F243794-D821-4C2D-8C1C-7B1F9D226EC0}.Debug|Any CPU.ActiveCfg = Debug|Any CPU
		{3F243794-D821-4C2D-8C1C-7B1F9D226EC0}.Debug|Any CPU.Build.0 = Debug|Any CPU
		{3F243794-D821-4C2D-8C1C-7B1F9D226EC0}.Release|Any CPU.ActiveCfg = Release|Any CPU
		{3F243794-D821-4C2D-8C1C-7B1F9D226EC0}.Release|Any CPU.Build.0 = Release|Any CPU
	EndGlobalSection
	GlobalSection(SolutionProperties) = preSolution
		HideSolutionNode = FALSE
	EndGlobalSection
	GlobalSection(ExtensibilityGlobals) = postSolution
		SolutionGuid = {E5F1B7D2-F271-45BE-9005-5DC9D4A83379}
	EndGlobalSection
EndGlobal
